// !$*UTF8*$!
{
	archiveVersion = 1;
	classes = {
	};
	objectVersion = 50;
	objects = {

/* Begin PBXBuildFile section */
		5C31D3FB2109BE5E001D6F38 /* AppDelegate.m in Sources */ = {isa = PBXBuildFile; fileRef = 5C31D3FA2109BE5E001D6F38 /* AppDelegate.m */; };
		5C31D3FE2109BE5E001D6F38 /* ViewController.m in Sources */ = {isa = PBXBuildFile; fileRef = 5C31D3FD2109BE5E001D6F38 /* ViewController.m */; };
		5C31D4012109BE5E001D6F38 /* Main.storyboard in Resources */ = {isa = PBXBuildFile; fileRef = 5C31D3FF2109BE5E001D6F38 /* Main.storyboard */; };
		5C31D4032109BE62001D6F38 /* Assets.xcassets in Resources */ = {isa = PBXBuildFile; fileRef = 5C31D4022109BE62001D6F38 /* Assets.xcassets */; };
		5C31D4062109BE62001D6F38 /* LaunchScreen.storyboard in Resources */ = {isa = PBXBuildFile; fileRef = 5C31D4042109BE62001D6F38 /* LaunchScreen.storyboard */; };
		5C31D4092109BE62001D6F38 /* main.m in Sources */ = {isa = PBXBuildFile; fileRef = 5C31D4082109BE62001D6F38 /* main.m */; };
		5C31D4132109BE63001D6F38 /* LingerTests.m in Sources */ = {isa = PBXBuildFile; fileRef = 5C31D4122109BE63001D6F38 /* LingerTests.m */; };
		5C31D41E2109BE63001D6F38 /* LingerUITests.m in Sources */ = {isa = PBXBuildFile; fileRef = 5C31D41D2109BE63001D6F38 /* LingerUITests.m */; };
/* End PBXBuildFile section */

/* Begin PBXContainerItemProxy section */
		5C31D40F2109BE63001D6F38 /* PBXContainerItemProxy */ = {
			isa = PBXContainerItemProxy;
			containerPortal = 5C31D3EE2109BE5D001D6F38 /* Project object */;
			proxyType = 1;
			remoteGlobalIDString = 5C31D3F52109BE5E001D6F38;
			remoteInfo = Linger;
		};
		5C31D41A2109BE63001D6F38 /* PBXContainerItemProxy */ = {
			isa = PBXContainerItemProxy;
			containerPortal = 5C31D3EE2109BE5D001D6F38 /* Project object */;
			proxyType = 1;
			remoteGlobalIDString = 5C31D3F52109BE5E001D6F38;
			remoteInfo = Linger;
		};
/* End PBXContainerItemProxy section */

/* Begin PBXFileReference section */
		5C31D3F62109BE5E001D6F38 /* Linger.app */ = {isa = PBXFileReference; explicitFileType = wrapper.application; includeInIndex = 0; path = Linger.app; sourceTree = BUILT_PRODUCTS_DIR; };
		5C31D3F92109BE5E001D6F38 /* AppDelegate.h */ = {isa = PBXFileReference; lastKnownFileType = sourcecode.c.h; path = AppDelegate.h; sourceTree = "<group>"; };
		5C31D3FA2109BE5E001D6F38 /* AppDelegate.m */ = {isa = PBXFileReference; lastKnownFileType = sourcecode.c.objc; path = AppDelegate.m; sourceTree = "<group>"; };
		5C31D3FC2109BE5E001D6F38 /* ViewController.h */ = {isa = PBXFileReference; lastKnownFileType = sourcecode.c.h; path = ViewController.h; sourceTree = "<group>"; };
		5C31D3FD2109BE5E001D6F38 /* ViewController.m */ = {isa = PBXFileReference; lastKnownFileType = sourcecode.c.objc; path = ViewController.m; sourceTree = "<group>"; };
		5C31D4002109BE5E001D6F38 /* Base */ = {isa = PBXFileReference; lastKnownFileType = file.storyboard; name = Base; path = Base.lproj/Main.storyboard; sourceTree = "<group>"; };
		5C31D4022109BE62001D6F38 /* Assets.xcassets */ = {isa = PBXFileReference; lastKnownFileType = folder.assetcatalog; path = Assets.xcassets; sourceTree = "<group>"; };
		5C31D4052109BE62001D6F38 /* Base */ = {isa = PBXFileReference; lastKnownFileType = file.storyboard; name = Base; path = Base.lproj/LaunchScreen.storyboard; sourceTree = "<group>"; };
		5C31D4072109BE62001D6F38 /* Info.plist */ = {isa = PBXFileReference; lastKnownFileType = text.plist.xml; path = Info.plist; sourceTree = "<group>"; };
		5C31D4082109BE62001D6F38 /* main.m */ = {isa = PBXFileReference; lastKnownFileType = sourcecode.c.objc; path = main.m; sourceTree = "<group>"; };
		5C31D40E2109BE63001D6F38 /* LingerTests.xctest */ = {isa = PBXFileReference; explicitFileType = wrapper.cfbundle; includeInIndex = 0; path = LingerTests.xctest; sourceTree = BUILT_PRODUCTS_DIR; };
		5C31D4122109BE63001D6F38 /* LingerTests.m */ = {isa = PBXFileReference; lastKnownFileType = sourcecode.c.objc; path = LingerTests.m; sourceTree = "<group>"; };
		5C31D4142109BE63001D6F38 /* Info.plist */ = {isa = PBXFileReference; lastKnownFileType = text.plist.xml; path = Info.plist; sourceTree = "<group>"; };
		5C31D4192109BE63001D6F38 /* LingerUITests.xctest */ = {isa = PBXFileReference; explicitFileType = wrapper.cfbundle; includeInIndex = 0; path = LingerUITests.xctest; sourceTree = BUILT_PRODUCTS_DIR; };
		5C31D41D2109BE63001D6F38 /* LingerUITests.m */ = {isa = PBXFileReference; lastKnownFileType = sourcecode.c.objc; path = LingerUITests.m; sourceTree = "<group>"; };
		5C31D41F2109BE63001D6F38 /* Info.plist */ = {isa = PBXFileReference; lastKnownFileType = text.plist.xml; path = Info.plist; sourceTree = "<group>"; };
/* End PBXFileReference section */

/* Begin PBXFrameworksBuildPhase section */
		5C31D3F32109BE5E001D6F38 /* Frameworks */ = {
			isa = PBXFrameworksBuildPhase;
			buildActionMask = 2147483647;
			files = (
			);
			runOnlyForDeploymentPostprocessing = 0;
		};
		5C31D40B2109BE63001D6F38 /* Frameworks */ = {
			isa = PBXFrameworksBuildPhase;
			buildActionMask = 2147483647;
			files = (
			);
			runOnlyForDeploymentPostprocessing = 0;
		};
		5C31D4162109BE63001D6F38 /* Frameworks */ = {
			isa = PBXFrameworksBuildPhase;
			buildActionMask = 2147483647;
			files = (
			);
			runOnlyForDeploymentPostprocessing = 0;
		};
/* End PBXFrameworksBuildPhase section */

/* Begin PBXGroup section */
		5C31D3ED2109BE5D001D6F38 = {
			isa = PBXGroup;
			children = (
				5C31D3F82109BE5E001D6F38 /* Linger */,
				5C31D4112109BE63001D6F38 /* LingerTests */,
				5C31D41C2109BE63001D6F38 /* LingerUITests */,
				5C31D3F72109BE5E001D6F38 /* Products */,
			);
			sourceTree = "<group>";
		};
		5C31D3F72109BE5E001D6F38 /* Products */ = {
			isa = PBXGroup;
			children = (
				5C31D3F62109BE5E001D6F38 /* Linger.app */,
				5C31D40E2109BE63001D6F38 /* LingerTests.xctest */,
				5C31D4192109BE63001D6F38 /* LingerUITests.xctest */,
			);
			name = Products;
			sourceTree = "<group>";
		};
		5C31D3F82109BE5E001D6F38 /* Linger */ = {
			isa = PBXGroup;
			children = (
				5C31D3F92109BE5E001D6F38 /* AppDelegate.h */,
				5C31D3FA2109BE5E001D6F38 /* AppDelegate.m */,
				5C31D3FC2109BE5E001D6F38 /* ViewController.h */,
				5C31D3FD2109BE5E001D6F38 /* ViewController.m */,
				5C31D3FF2109BE5E001D6F38 /* Main.storyboard */,
				5C31D4022109BE62001D6F38 /* Assets.xcassets */,
				5C31D4042109BE62001D6F38 /* LaunchScreen.storyboard */,
				5C31D4072109BE62001D6F38 /* Info.plist */,
				5C31D4082109BE62001D6F38 /* main.m */,
			);
			path = Linger;
			sourceTree = "<group>";
		};
		5C31D4112109BE63001D6F38 /* LingerTests */ = {
			isa = PBXGroup;
			children = (
				5C31D4122109BE63001D6F38 /* LingerTests.m */,
				5C31D4142109BE63001D6F38 /* Info.plist */,
			);
			path = LingerTests;
			sourceTree = "<group>";
		};
		5C31D41C2109BE63001D6F38 /* LingerUITests */ = {
			isa = PBXGroup;
			children = (
				5C31D41D2109BE63001D6F38 /* LingerUITests.m */,
				5C31D41F2109BE63001D6F38 /* Info.plist */,
			);
			path = LingerUITests;
			sourceTree = "<group>";
		};
/* End PBXGroup section */

/* Begin PBXNativeTarget section */
		5C31D3F52109BE5E001D6F38 /* Linger */ = {
			isa = PBXNativeTarget;
			buildConfigurationList = 5C31D4222109BE63001D6F38 /* Build configuration list for PBXNativeTarget "Linger" */;
			buildPhases = (
				5C31D3F22109BE5E001D6F38 /* Sources */,
				5C31D3F32109BE5E001D6F38 /* Frameworks */,
				5C31D3F42109BE5E001D6F38 /* Resources */,
			);
			buildRules = (
			);
			dependencies = (
			);
			name = Linger;
			productName = Linger;
			productReference = 5C31D3F62109BE5E001D6F38 /* Linger.app */;
			productType = "com.apple.product-type.application";
		};
		5C31D40D2109BE63001D6F38 /* LingerTests */ = {
			isa = PBXNativeTarget;
			buildConfigurationList = 5C31D4252109BE63001D6F38 /* Build configuration list for PBXNativeTarget "LingerTests" */;
			buildPhases = (
				5C31D40A2109BE63001D6F38 /* Sources */,
				5C31D40B2109BE63001D6F38 /* Frameworks */,
				5C31D40C2109BE63001D6F38 /* Resources */,
			);
			buildRules = (
			);
			dependencies = (
				5C31D4102109BE63001D6F38 /* PBXTargetDependency */,
			);
			name = LingerTests;
			productName = LingerTests;
			productReference = 5C31D40E2109BE63001D6F38 /* LingerTests.xctest */;
			productType = "com.apple.product-type.bundle.unit-test";
		};
		5C31D4182109BE63001D6F38 /* LingerUITests */ = {
			isa = PBXNativeTarget;
			buildConfigurationList = 5C31D4282109BE63001D6F38 /* Build configuration list for PBXNativeTarget "LingerUITests" */;
			buildPhases = (
				5C31D4152109BE63001D6F38 /* Sources */,
				5C31D4162109BE63001D6F38 /* Frameworks */,
				5C31D4172109BE63001D6F38 /* Resources */,
			);
			buildRules = (
			);
			dependencies = (
				5C31D41B2109BE63001D6F38 /* PBXTargetDependency */,
			);
			name = LingerUITests;
			productName = LingerUITests;
			productReference = 5C31D4192109BE63001D6F38 /* LingerUITests.xctest */;
			productType = "com.apple.product-type.bundle.ui-testing";
		};
/* End PBXNativeTarget section */

/* Begin PBXProject section */
		5C31D3EE2109BE5D001D6F38 /* Project object */ = {
			isa = PBXProject;
			attributes = {
				LastUpgradeCheck = 0940;
				ORGANIZATIONNAME = Linger;
				TargetAttributes = {
					5C31D3F52109BE5E001D6F38 = {
						CreatedOnToolsVersion = 9.4.1;
					};
					5C31D40D2109BE63001D6F38 = {
						CreatedOnToolsVersion = 9.4.1;
						TestTargetID = 5C31D3F52109BE5E001D6F38;
					};
					5C31D4182109BE63001D6F38 = {
						CreatedOnToolsVersion = 9.4.1;
						TestTargetID = 5C31D3F52109BE5E001D6F38;
					};
				};
			};
			buildConfigurationList = 5C31D3F12109BE5D001D6F38 /* Build configuration list for PBXProject "Linger" */;
			compatibilityVersion = "Xcode 9.3";
			developmentRegion = en;
			hasScannedForEncodings = 0;
			knownRegions = (
				en,
				Base,
			);
			mainGroup = 5C31D3ED2109BE5D001D6F38;
			productRefGroup = 5C31D3F72109BE5E001D6F38 /* Products */;
			projectDirPath = "";
			projectRoot = "";
			targets = (
				5C31D3F52109BE5E001D6F38 /* Linger */,
				5C31D40D2109BE63001D6F38 /* LingerTests */,
				5C31D4182109BE63001D6F38 /* LingerUITests */,
			);
		};
/* End PBXProject section */

/* Begin PBXResourcesBuildPhase section */
		5C31D3F42109BE5E001D6F38 /* Resources */ = {
			isa = PBXResourcesBuildPhase;
			buildActionMask = 2147483647;
			files = (
				5C31D4062109BE62001D6F38 /* LaunchScreen.storyboard in Resources */,
				5C31D4032109BE62001D6F38 /* Assets.xcassets in Resources */,
				5C31D4012109BE5E001D6F38 /* Main.storyboard in Resources */,
			);
			runOnlyForDeploymentPostprocessing = 0;
		};
		5C31D40C2109BE63001D6F38 /* Resources */ = {
			isa = PBXResourcesBuildPhase;
			buildActionMask = 2147483647;
			files = (
			);
			runOnlyForDeploymentPostprocessing = 0;
		};
		5C31D4172109BE63001D6F38 /* Resources */ = {
			isa = PBXResourcesBuildPhase;
			buildActionMask = 2147483647;
			files = (
			);
			runOnlyForDeploymentPostprocessing = 0;
		};
/* End PBXResourcesBuildPhase section */

/* Begin PBXSourcesBuildPhase section */
		5C31D3F22109BE5E001D6F38 /* Sources */ = {
			isa = PBXSourcesBuildPhase;
			buildActionMask = 2147483647;
			files = (
				5C31D3FE2109BE5E001D6F38 /* ViewController.m in Sources */,
				5C31D4092109BE62001D6F38 /* main.m in Sources */,
				5C31D3FB2109BE5E001D6F38 /* AppDelegate.m in Sources */,
			);
			runOnlyForDeploymentPostprocessing = 0;
		};
		5C31D40A2109BE63001D6F38 /* Sources */ = {
			isa = PBXSourcesBuildPhase;
			buildActionMask = 2147483647;
			files = (
				5C31D4132109BE63001D6F38 /* LingerTests.m in Sources */,
			);
			runOnlyForDeploymentPostprocessing = 0;
		};
		5C31D4152109BE63001D6F38 /* Sources */ = {
			isa = PBXSourcesBuildPhase;
			buildActionMask = 2147483647;
			files = (
				5C31D41E2109BE63001D6F38 /* LingerUITests.m in Sources */,
			);
			runOnlyForDeploymentPostprocessing = 0;
		};
/* End PBXSourcesBuildPhase section */

/* Begin PBXTargetDependency section */
		5C31D4102109BE63001D6F38 /* PBXTargetDependency */ = {
			isa = PBXTargetDependency;
			target = 5C31D3F52109BE5E001D6F38 /* Linger */;
			targetProxy = 5C31D40F2109BE63001D6F38 /* PBXContainerItemProxy */;
		};
		5C31D41B2109BE63001D6F38 /* PBXTargetDependency */ = {
			isa = PBXTargetDependency;
			target = 5C31D3F52109BE5E001D6F38 /* Linger */;
			targetProxy = 5C31D41A2109BE63001D6F38 /* PBXContainerItemProxy */;
		};
/* End PBXTargetDependency section */

/* Begin PBXVariantGroup section */
		5C31D3FF2109BE5E001D6F38 /* Main.storyboard */ = {
			isa = PBXVariantGroup;
			children = (
				5C31D4002109BE5E001D6F38 /* Base */,
			);
			name = Main.storyboard;
			sourceTree = "<group>";
		};
		5C31D4042109BE62001D6F38 /* LaunchScreen.storyboard */ = {
			isa = PBXVariantGroup;
			children = (
				5C31D4052109BE62001D6F38 /* Base */,
			);
			name = LaunchScreen.storyboard;
			sourceTree = "<group>";
		};
/* End PBXVariantGroup section */

/* Begin XCBuildConfiguration section */
		5C31D4202109BE63001D6F38 /* Debug */ = {
			isa = XCBuildConfiguration;
			buildSettings = {
				ALWAYS_SEARCH_USER_PATHS = NO;
				CLANG_ANALYZER_NONNULL = YES;
				CLANG_ANALYZER_NUMBER_OBJECT_CONVERSION = YES_AGGRESSIVE;
				CLANG_CXX_LANGUAGE_STANDARD = "gnu++14";
				CLANG_CXX_LIBRARY = "libc++";
				CLANG_ENABLE_MODULES = YES;
				CLANG_ENABLE_OBJC_ARC = YES;
				CLANG_ENABLE_OBJC_WEAK = YES;
				CLANG_WARN_BLOCK_CAPTURE_AUTORELEASING = YES;
				CLANG_WARN_BOOL_CONVERSION = YES;
				CLANG_WARN_COMMA = YES;
				CLANG_WARN_CONSTANT_CONVERSION = YES;
				CLANG_WARN_DEPRECATED_OBJC_IMPLEMENTATIONS = YES;
				CLANG_WARN_DIRECT_OBJC_ISA_USAGE = YES_ERROR;
				CLANG_WARN_DOCUMENTATION_COMMENTS = YES;
				CLANG_WARN_EMPTY_BODY = YES;
				CLANG_WARN_ENUM_CONVERSION = YES;
				CLANG_WARN_INFINITE_RECURSION = YES;
				CLANG_WARN_INT_CONVERSION = YES;
				CLANG_WARN_NON_LITERAL_NULL_CONVERSION = YES;
				CLANG_WARN_OBJC_IMPLICIT_RETAIN_SELF = YES;
				CLANG_WARN_OBJC_LITERAL_CONVERSION = YES;
				CLANG_WARN_OBJC_ROOT_CLASS = YES_ERROR;
				CLANG_WARN_RANGE_LOOP_ANALYSIS = YES;
				CLANG_WARN_STRICT_PROTOTYPES = YES;
				CLANG_WARN_SUSPICIOUS_MOVE = YES;
				CLANG_WARN_UNGUARDED_AVAILABILITY = YES_AGGRESSIVE;
				CLANG_WARN_UNREACHABLE_CODE = YES;
				CLANG_WARN__DUPLICATE_METHOD_MATCH = YES;
				CODE_SIGN_IDENTITY = "iPhone Developer";
				COPY_PHASE_STRIP = NO;
				DEBUG_INFORMATION_FORMAT = dwarf;
				ENABLE_STRICT_OBJC_MSGSEND = YES;
				ENABLE_TESTABILITY = YES;
				GCC_C_LANGUAGE_STANDARD = gnu11;
				GCC_DYNAMIC_NO_PIC = NO;
				GCC_NO_COMMON_BLOCKS = YES;
				GCC_OPTIMIZATION_LEVEL = 0;
				GCC_PREPROCESSOR_DEFINITIONS = (
					"DEBUG=1",
					"$(inherited)",
				);
				GCC_WARN_64_TO_32_BIT_CONVERSION = YES;
				GCC_WARN_ABOUT_RETURN_TYPE = YES_ERROR;
				GCC_WARN_UNDECLARED_SELECTOR = YES;
				GCC_WARN_UNINITIALIZED_AUTOS = YES_AGGRESSIVE;
				GCC_WARN_UNUSED_FUNCTION = YES;
				GCC_WARN_UNUSED_VARIABLE = YES;
				IPHONEOS_DEPLOYMENT_TARGET = 11.4;
				MTL_ENABLE_DEBUG_INFO = YES;
				ONLY_ACTIVE_ARCH = YES;
				SDKROOT = iphoneos;
			};
			name = Debug;
		};
		5C31D4212109BE63001D6F38 /* Release */ = {
			isa = XCBuildConfiguration;
			buildSettings = {
				ALWAYS_SEARCH_USER_PATHS = NO;
				CLANG_ANALYZER_NONNULL = YES;
				CLANG_ANALYZER_NUMBER_OBJECT_CONVERSION = YES_AGGRESSIVE;
				CLANG_CXX_LANGUAGE_STANDARD = "gnu++14";
				CLANG_CXX_LIBRARY = "libc++";
				CLANG_ENABLE_MODULES = YES;
				CLANG_ENABLE_OBJC_ARC = YES;
				CLANG_ENABLE_OBJC_WEAK = YES;
				CLANG_WARN_BLOCK_CAPTURE_AUTORELEASING = YES;
				CLANG_WARN_BOOL_CONVERSION = YES;
				CLANG_WARN_COMMA = YES;
				CLANG_WARN_CONSTANT_CONVERSION = YES;
				CLANG_WARN_DEPRECATED_OBJC_IMPLEMENTATIONS = YES;
				CLANG_WARN_DIRECT_OBJC_ISA_USAGE = YES_ERROR;
				CLANG_WARN_DOCUMENTATION_COMMENTS = YES;
				CLANG_WARN_EMPTY_BODY = YES;
				CLANG_WARN_ENUM_CONVERSION = YES;
				CLANG_WARN_INFINITE_RECURSION = YES;
				CLANG_WARN_INT_CONVERSION = YES;
				CLANG_WARN_NON_LITERAL_NULL_CONVERSION = YES;
				CLANG_WARN_OBJC_IMPLICIT_RETAIN_SELF = YES;
				CLANG_WARN_OBJC_LITERAL_CONVERSION = YES;
				CLANG_WARN_OBJC_ROOT_CLASS = YES_ERROR;
				CLANG_WARN_RANGE_LOOP_ANALYSIS = YES;
				CLANG_WARN_STRICT_PROTOTYPES = YES;
				CLANG_WARN_SUSPICIOUS_MOVE = YES;
				CLANG_WARN_UNGUARDED_AVAILABILITY = YES_AGGRESSIVE;
				CLANG_WARN_UNREACHABLE_CODE = YES;
				CLANG_WARN__DUPLICATE_METHOD_MATCH = YES;
				CODE_SIGN_IDENTITY = "iPhone Developer";
				COPY_PHASE_STRIP = NO;
				DEBUG_INFORMATION_FORMAT = "dwarf-with-dsym";
				ENABLE_NS_ASSERTIONS = NO;
				ENABLE_STRICT_OBJC_MSGSEND = YES;
				GCC_C_LANGUAGE_STANDARD = gnu11;
				GCC_NO_COMMON_BLOCKS = YES;
				GCC_WARN_64_TO_32_BIT_CONVERSION = YES;
				GCC_WARN_ABOUT_RETURN_TYPE = YES_ERROR;
				GCC_WARN_UNDECLARED_SELECTOR = YES;
				GCC_WARN_UNINITIALIZED_AUTOS = YES_AGGRESSIVE;
				GCC_WARN_UNUSED_FUNCTION = YES;
				GCC_WARN_UNUSED_VARIABLE = YES;
				IPHONEOS_DEPLOYMENT_TARGET = 11.4;
				MTL_ENABLE_DEBUG_INFO = NO;
				SDKROOT = iphoneos;
				VALIDATE_PRODUCT = YES;
			};
			name = Release;
		};
		5C31D4232109BE63001D6F38 /* Debug */ = {
			isa = XCBuildConfiguration;
			buildSettings = {
				ASSETCATALOG_COMPILER_APPICON_NAME = AppIcon;
				CODE_SIGN_STYLE = Automatic;
				INFOPLIST_FILE = Linger/Info.plist;
				LD_RUNPATH_SEARCH_PATHS = (
					"$(inherited)",
					"@executable_path/Frameworks",
				);
				PRODUCT_BUNDLE_IDENTIFIER = cn.codef.Linger;
				PRODUCT_NAME = "$(TARGET_NAME)";
				TARGETED_DEVICE_FAMILY = "1,2";
			};
			name = Debug;
		};
		5C31D4242109BE63001D6F38 /* Release */ = {
			isa = XCBuildConfiguration;
			buildSettings = {
				ASSETCATALOG_COMPILER_APPICON_NAME = AppIcon;
				CODE_SIGN_STYLE = Automatic;
				INFOPLIST_FILE = Linger/Info.plist;
				LD_RUNPATH_SEARCH_PATHS = (
					"$(inherited)",
					"@executable_path/Frameworks",
				);
				PRODUCT_BUNDLE_IDENTIFIER = cn.codef.Linger;
				PRODUCT_NAME = "$(TARGET_NAME)";
				TARGETED_DEVICE_FAMILY = "1,2";
			};
			name = Release;
		};
		5C31D4262109BE63001D6F38 /* Debug */ = {
			isa = XCBuildConfiguration;
			buildSettings = {
				BUNDLE_LOADER = "$(TEST_HOST)";
				CODE_SIGN_STYLE = Automatic;
				INFOPLIST_FILE = LingerTests/Info.plist;
				LD_RUNPATH_SEARCH_PATHS = (
					"$(inherited)",
					"@executable_path/Frameworks",
					"@loader_path/Frameworks",
				);
				PRODUCT_BUNDLE_IDENTIFIER = cn.codef.LingerTests;
				PRODUCT_NAME = "$(TARGET_NAME)";
				TARGETED_DEVICE_FAMILY = "1,2";
				TEST_HOST = "$(BUILT_PRODUCTS_DIR)/Linger.app/Linger";
			};
			name = Debug;
		};
		5C31D4272109BE63001D6F38 /* Release */ = {
			isa = XCBuildConfiguration;
			buildSettings = {
				BUNDLE_LOADER = "$(TEST_HOST)";
				CODE_SIGN_STYLE = Automatic;
				INFOPLIST_FILE = LingerTests/Info.plist;
				LD_RUNPATH_SEARCH_PATHS = (
					"$(inherited)",
					"@executable_path/Frameworks",
					"@loader_path/Frameworks",
				);
				PRODUCT_BUNDLE_IDENTIFIER = cn.codef.LingerTests;
				PRODUCT_NAME = "$(TARGET_NAME)";
				TARGETED_DEVICE_FAMILY = "1,2";
				TEST_HOST = "$(BUILT_PRODUCTS_DIR)/Linger.app/Linger";
			};
			name = Release;
		};
		5C31D4292109BE63001D6F38 /* Debug */ = {
			isa = XCBuildConfiguration;
			buildSettings = {
				CODE_SIGN_STYLE = Automatic;
				INFOPLIST_FILE = LingerUITests/Info.plist;
				LD_RUNPATH_SEARCH_PATHS = (
					"$(inherited)",
					"@executable_path/Frameworks",
					"@loader_path/Frameworks",
				);
				PRODUCT_BUNDLE_IDENTIFIER = cn.codef.LingerUITests;
				PRODUCT_NAME = "$(TARGET_NAME)";
				TARGETED_DEVICE_FAMILY = "1,2";
				TEST_TARGET_NAME = Linger;
			};
			name = Debug;
		};
		5C31D42A2109BE63001D6F38 /* Release */ = {
			isa = XCBuildConfiguration;
			buildSettings = {
				CODE_SIGN_STYLE = Automatic;
				INFOPLIST_FILE = LingerUITests/Info.plist;
				LD_RUNPATH_SEARCH_PATHS = (
					"$(inherited)",
					"@executable_path/Frameworks",
					"@loader_path/Frameworks",
				);
				PRODUCT_BUNDLE_IDENTIFIER = cn.codef.LingerUITests;
				PRODUCT_NAME = "$(TARGET_NAME)";
				TARGETED_DEVICE_FAMILY = "1,2";
				TEST_TARGET_NAME = Linger;
			};
			name = Release;
		};
/* End XCBuildConfiguration section */

/* Begin XCConfigurationList section */
		5C31D3F12109BE5D001D6F38 /* Build configuration list for PBXProject "Linger" */ = {
			isa = XCConfigurationList;
			buildConfigurations = (
				5C31D4202109BE63001D6F38 /* Debug */,
				5C31D4212109BE63001D6F38 /* Release */,
			);
			defaultConfigurationIsVisible = 0;
			defaultConfigurationName = Release;
		};
		5C31D4222109BE63001D6F38 /* Build configuration list for PBXNativeTarget "Linger" */ = {
			isa = XCConfigurationList;
			buildConfigurations = (
				5C31D4232109BE63001D6F38 /* Debug */,
				5C31D4242109BE63001D6F38 /* Release */,
			);
			defaultConfigurationIsVisible = 0;
			defaultConfigurationName = Release;
		};
		5C31D4252109BE63001D6F38 /* Build configuration list for PBXNativeTarget "LingerTests" */ = {
			isa = XCConfigurationList;
			buildConfigurations = (
				5C31D4262109BE63001D6F38 /* Debug */,
				5C31D4272109BE63001D6F38 /* Release */,
			);
			defaultConfigurationIsVisible = 0;
			defaultConfigurationName = Release;
		};
		5C31D4282109BE63001D6F38 /* Build configuration list for PBXNativeTarget "LingerUITests" */ = {
			isa = XCConfigurationList;
			buildConfigurations = (
				5C31D4292109BE63001D6F38 /* Debug */,
				5C31D42A2109BE63001D6F38 /* Release */,
			);
			defaultConfigurationIsVisible = 0;
			defaultConfigurationName = Release;
		};
/* End XCConfigurationList section */
	};
	rootObject = 5C31D3EE2109BE5D001D6F38 /* Project object */;
}
